
Microsoft Visual Studio Solution File, Format Version 12.00
# Visual Studio Version 16
VisualStudioVersion = 16.0.33529.622
MinimumVisualStudioVersion = 10.0.40219.1
Project("{FAE04EC0-301F-11D3-BF4B-00C04F79EFBC}") = "Bookstore", "Bookstore.csproj", "{20A9972E-DA4D-4CA3-8FC5-872ED2722028}"
EndProject
Global
	GlobalSection(SolutionConfigurationPlatforms) = preSolution
		Debug|Any CPU = Debug|Any CPU
		Release|Any CPU = Release|Any CPU
	EndGlobalSection
	GlobalSection(ProjectConfigurationPlatforms) = postSolution
		{20A9972E-DA4D-4CA3-8FC5-872ED2722028}.Debug|Any CPU.ActiveCfg = Debug|Any CPU
		{20A9972E-DA4D-4CA3-8FC5-872ED2722028}.Debug|Any CPU.Build.0 = Debug|Any CPU
		{20A9972E-DA4D-4CA3-8FC5-872ED2722028}.Release|Any CPU.ActiveCfg = Release|Any CPU
		{20A9972E-DA4D-4CA3-8FC5-872ED2722028}.Release|Any CPU.Build.0 = Release|Any CPU
	EndGlobalSection
	GlobalSection(SolutionProperties) = preSolution
		HideSolutionNode = FALSE
	EndGlobalSection
	GlobalSection(ExtensibilityGlobals) = postSolution
		SolutionGuid = {5A7431E4-A373-48B1-B86E-4989ABBB893D}
	EndGlobalSection
EndGlobal
